{
  "version": 4,
  "terraform_version": "0.15.0",
  "serial": 26,
  "lineage": "32ed7782-fbee-be03-e1c4-d94e5d51d04c",
  "outputs": {},
  "resources": [
    {
      "module": "module.gke",
      "mode": "managed",
      "type": "google_container_cluster",
      "name": "gke-kubernetes",
      "provider": "provider[\"registry.terraform.io/hashicorp/google\"]",
      "instances": [
        {
          "schema_version": 1,
          "attributes": {
            "addons_config": [
              {
                "cloudrun_config": [],
                "horizontal_pod_autoscaling": [],
                "http_load_balancing": [
                  {
                    "disabled": false
                  }
                ],
                "network_policy_config": [
                  {
                    "disabled": true
                  }
                ]
              }
            ],
            "authenticator_groups_config": [],
            "cluster_autoscaling": [
              {
                "auto_provisioning_defaults": [],
                "enabled": false,
                "resource_limits": []
              }
            ],
            "cluster_ipv4_cidr": "10.240.0.0/14",
            "database_encryption": [
              {
                "key_name": "",
                "state": "DECRYPTED"
              }
            ],
            "datapath_provider": "",
            "default_max_pods_per_node": 110,
            "default_snat_status": [
              {
                "disabled": false
              }
            ],
            "description": "",
            "enable_autopilot": false,
            "enable_binary_authorization": false,
            "enable_intranode_visibility": false,
            "enable_kubernetes_alpha": false,
            "enable_legacy_abac": false,
            "enable_shielded_nodes": true,
            "enable_tpu": false,
            "endpoint": "34.72.185.165",
            "id": "projects/gke-test-311519/locations/us-central1-c/clusters/default-org-test-gke",
            "initial_node_count": 1,
            "instance_group_urls": [],
            "ip_allocation_policy": [
              {
                "cluster_ipv4_cidr_block": "10.240.0.0/14",
                "cluster_secondary_range_name": "gke-default-org-test-gke-pods-ba887ee5",
                "services_ipv4_cidr_block": "10.244.0.0/20",
                "services_secondary_range_name": "gke-default-org-test-gke-services-ba887ee5"
              }
            ],
            "label_fingerprint": "a9dc16a7",
            "location": "us-central1-c",
            "logging_service": "logging.googleapis.com/kubernetes",
            "maintenance_policy": [
              {
                "daily_maintenance_window": [
                  {
                    "duration": "PT4H0M0S",
                    "start_time": "04:30"
                  }
                ],
                "maintenance_exclusion": [],
                "recurring_window": []
              }
            ],
            "master_auth": [
              {
                "client_certificate": "",
                "client_certificate_config": [
                  {
                    "issue_client_certificate": false
                  }
                ],
                "client_key": "",
                "cluster_ca_certificate": "LS0tLS1CRUdJTiBDRVJUSUZJQ0FURS0tLS0tCk1JSURLekNDQWhPZ0F3SUJBZ0lSQUpGOGhCNDdzT3FITHdpTXFjRzhuZEF3RFFZSktvWklodmNOQVFFTEJRQXcKTHpFdE1Dc0dBMVVFQXhNa1ptSmtZV00yTXpNdE5EVTNOUzAwWkdNMExUaGxOVFl0TnpreE1HUmxNR1UxTmpJNQpNQjRYRFRJeE1EUXlOakEyTVRnMU5Wb1hEVEkyTURReU5UQTNNVGcxTlZvd0x6RXRNQ3NHQTFVRUF4TWtabUprCllXTTJNek10TkRVM05TMDBaR00wTFRobE5UWXROemt4TUdSbE1HVTFOakk1TUlJQklqQU5CZ2txaGtpRzl3MEIKQVFFRkFBT0NBUThBTUlJQkNnS0NBUUVBbGJQKzlmV3JKYkNneUoyUXMxSVArM3J0dFVPZ1kxaU9GSmhTZnRZbwpEQVdncmFDYXpNU0FadlZEQ1RsaUl3M3ZQdXlqUXJLYmVsNEJ5cFhzM2FzTXZ4YTRCbmxVWDRtUEJkOGsydnQyCmV5ZUt6Nlo1T1M3OUpkSEhEdWhqNzlVTlA4MmdCcHEvQmJkNlc4UGxTQXdPR2dxY2YxQTJURit5UW1oNUIxaVYKRWhJTUJyV0lUdllFTTYrSG0vU3NIa1lOeEd1OTc5dG1VY1R1SVIvMjc0K0VOZEE2c3djbExLQjIyNzBWY1BwZgphbyt1am1lR2JEbjUxZzBsendZc0VwVy9kQW5EZm5WbElSVGpFMzN0b0tCUjIxS2JmdDNiN2NGQ1hYYVFQVWxhCk1ZaWFWSm5xSTJ5bnpHNkVPZXYvelRaR08xOHpYOENqWGUvNDBPU2J5ZGcrMFFJREFRQUJvMEl3UURBT0JnTlYKSFE4QkFmOEVCQU1DQWdRd0R3WURWUjBUQVFIL0JBVXdBd0VCL3pBZEJnTlZIUTRFRmdRVXNOS3lydHBsSk9pYQpWY2pRNW80OWQycjRRZnN3RFFZSktvWklodmNOQVFFTEJRQURnZ0VCQUlyUE5ZQ2hVVys5VW12QndlLzhheCtNCi9wekVubUFNdUQ5UWVTWUVnVXpaU2EyaWxFN0VwS2x2eDAvRHdybHhpUm5WdHp0WkdHOFpFQ05Kd1g3NXNGV2EKbU5ZcEhjYjVTdjdoNzkxMVFxMGhTQ3g4UlZPK3JTZHIycXhaT1NuWGxjRVdjSlorR2k2T0JPQ0pPcmx4aEhBRQpDa2pnZ1NGUEpWdnFrdUpBUnNmeHN6V0dYeFVYWlVWTjJKRTRpNWk2enFVZDVkVTJnV1VnWWd5dTQ2ODVESU1kCk1HT1RHZStybmtxRExGenAxb1pSS20xOG1qYTV6K2lxSkJZZzM0ZysvS1QxL1l2TFVqVHJPME1kQlhIVXg1RWQKRkRnVFlHY3NWKy9tWVZ3Z3phSXNiT1NxbWVmNllWYWM1RmQxREZUMEpMeHM4bWx5OXNtTzA1MHdSQ3hMVFRVPQotLS0tLUVORCBDRVJUSUZJQ0FURS0tLS0tCg==",
                "password": "",
                "username": ""
              }
            ],
            "master_authorized_networks_config": [
              {
                "cidr_blocks": [
                  {
                    "cidr_block": "0.0.0.0/0",
                    "display_name": "All"
                  }
                ]
              }
            ],
            "master_version": "1.18.16-gke.502",
            "min_master_version": null,
            "monitoring_service": "monitoring.googleapis.com/kubernetes",
            "name": "default-org-test-gke",
            "network": "projects/gke-test-311519/global/networks/default-org-test-gcn-vpc",
            "network_policy": [
              {
                "enabled": false,
                "provider": "PROVIDER_UNSPECIFIED"
              }
            ],
            "networking_mode": "VPC_NATIVE",
            "node_config": [],
            "node_locations": [],
            "node_pool": [],
            "node_version": "1.18.16-gke.502",
            "operation": null,
            "pod_security_policy_config": [],
            "private_cluster_config": [
              {
                "enable_private_endpoint": false,
                "enable_private_nodes": true,
                "master_global_access_config": [
                  {
                    "enabled": false
                  }
                ],
                "master_ipv4_cidr_block": "172.16.0.16/28",
                "peering_name": "gke-ndc10c5b8c940addec5f-b5dd-9dec-peer",
                "private_endpoint": "172.16.0.18",
                "public_endpoint": "34.72.185.165"
              }
            ],
            "private_ipv6_google_access": "",
            "project": "gke-test-311519",
            "release_channel": [
              {
                "channel": "REGULAR"
              }
            ],
            "remove_default_node_pool": true,
            "resource_labels": null,
            "resource_usage_export_config": [],
            "self_link": "https://container.googleapis.com/v1beta1/projects/gke-test-311519/zones/us-central1-c/clusters/default-org-test-gke",
            "services_ipv4_cidr": "10.244.0.0/20",
            "subnetwork": "projects/gke-test-311519/regions/us-central1/subnetworks/default-org-test-subnet-private",
            "timeouts": null,
            "tpu_ipv4_cidr_block": "",
            "vertical_pod_autoscaling": [],
            "workload_identity_config": []
          },
          "sensitive_attributes": [],
          "private": "eyJlMmJmYjczMC1lY2FhLTExZTYtOGY4OC0zNDM2M2JjN2M0YzAiOnsiY3JlYXRlIjoyNDAwMDAwMDAwMDAwLCJkZWxldGUiOjI0MDAwMDAwMDAwMDAsInJlYWQiOjI0MDAwMDAwMDAwMDAsInVwZGF0ZSI6MzYwMDAwMDAwMDAwMH0sInNjaGVtYV92ZXJzaW9uIjoiMSJ9",
          "dependencies": [
            "module.subnet.google_compute_subnetwork.subnet-private",
            "module.vpc.google_compute_network.gcn-vpc"
          ]
        }
      ]
    },
    {
      "module": "module.gke",
      "mode": "managed",
      "type": "google_container_node_pool",
      "name": "gke_node_pool",
      "provider": "provider[\"registry.terraform.io/hashicorp/google\"]",
      "instances": [
        {
          "index_key": 0,
          "schema_version": 1,
          "attributes": {
            "autoscaling": [
              {
                "max_node_count": 4,
                "min_node_count": 1
              }
            ],
            "cluster": "default-org-test-gke",
            "id": "projects/gke-test-311519/locations/us-central1-c/clusters/default-org-test-gke/nodePools/default-org-test-pool-0",
            "initial_node_count": 3,
            "instance_group_urls": [
              "https://www.googleapis.com/compute/v1/projects/gke-test-311519/zones/us-central1-c/instanceGroupManagers/gke-default-org-test-default-org-test-67af6db8-grp"
            ],
            "location": "us-central1-c",
            "management": [
              {
                "auto_repair": true,
                "auto_upgrade": true
              }
            ],
            "max_pods_per_node": 110,
            "name": "default-org-test-pool-0",
            "name_prefix": "",
            "node_config": [
              {
                "disk_size_gb": 20,
                "disk_type": "pd-standard",
                "guest_accelerator": [],
                "image_type": "COS",
                "labels": {},
                "local_ssd_count": 0,
                "machine_type": "custom-4-8192",
                "metadata": {
                  "disable-legacy-endpoints": "true"
                },
                "min_cpu_platform": "",
                "oauth_scopes": [
                  "https://www.googleapis.com/auth/devstorage.read_only",
                  "https://www.googleapis.com/auth/logging.write",
                  "https://www.googleapis.com/auth/monitoring",
                  "https://www.googleapis.com/auth/monitoring.write"
                ],
                "preemptible": true,
                "service_account": "default",
                "shielded_instance_config": [
                  {
                    "enable_integrity_monitoring": true,
                    "enable_secure_boot": false
                  }
                ],
                "tags": null,
                "taint": [],
                "workload_metadata_config": []
              }
            ],
            "node_count": 3,
            "node_locations": [
              "us-central1-c"
            ],
            "operation": null,
            "project": "gke-test-311519",
            "timeouts": null,
            "upgrade_settings": [
              {
                "max_surge": 1,
                "max_unavailable": 0
              }
            ],
            "version": "1.18.16-gke.502"
          },
          "sensitive_attributes": [],
          "private": "eyJlMmJmYjczMC1lY2FhLTExZTYtOGY4OC0zNDM2M2JjN2M0YzAiOnsiY3JlYXRlIjoxODAwMDAwMDAwMDAwLCJkZWxldGUiOjE4MDAwMDAwMDAwMDAsInVwZGF0ZSI6MTgwMDAwMDAwMDAwMH0sInNjaGVtYV92ZXJzaW9uIjoiMSJ9",
          "dependencies": [
            "module.gke.google_container_cluster.gke-kubernetes",
            "module.subnet.google_compute_subnetwork.subnet-private",
            "module.vpc.google_compute_network.gcn-vpc"
          ]
        }
      ]
    },
    {
      "module": "module.subnet",
      "mode": "managed",
      "type": "google_compute_router",
      "name": "gcr-router",
      "provider": "provider[\"registry.terraform.io/hashicorp/google\"]",
      "instances": [
        {
          "schema_version": 0,
          "attributes": {
            "bgp": [
              {
                "advertise_mode": "DEFAULT",
                "advertised_groups": [],
                "advertised_ip_ranges": [],
                "asn": 64514
              }
            ],
            "creation_timestamp": "2021-04-25T23:37:27.638-07:00",
            "description": "",
            "id": "projects/gke-test-311519/regions/us-central1/routers/default-org-test-gcr-router",
            "name": "default-org-test-gcr-router",
            "network": "https://www.googleapis.com/compute/v1/projects/gke-test-311519/global/networks/default-org-test-gcn-vpc",
            "project": "gke-test-311519",
            "region": "us-central1",
            "self_link": "https://www.googleapis.com/compute/v1/projects/gke-test-311519/regions/us-central1/routers/default-org-test-gcr-router",
            "timeouts": null
          },
          "sensitive_attributes": [],
          "private": "eyJlMmJmYjczMC1lY2FhLTExZTYtOGY4OC0zNDM2M2JjN2M0YzAiOnsiY3JlYXRlIjoyNDAwMDAwMDAwMDAsImRlbGV0ZSI6MjQwMDAwMDAwMDAwLCJ1cGRhdGUiOjI0MDAwMDAwMDAwMH19",
          "dependencies": [
            "module.subnet.google_compute_subnetwork.subnet-private",
            "module.vpc.google_compute_network.gcn-vpc"
          ]
        }
      ]
    },
    {
      "module": "module.subnet",
      "mode": "managed",
      "type": "google_compute_router_nat",
      "name": "gcrn-nat",
      "provider": "provider[\"registry.terraform.io/hashicorp/google\"]",
      "instances": [
        {
          "schema_version": 0,
          "attributes": {
            "drain_nat_ips": [],
            "enable_endpoint_independent_mapping": true,
            "icmp_idle_timeout_sec": 30,
            "id": "gke-test-311519/us-central1/default-org-test-gcr-router/default-org-test-gcrn-nat",
            "log_config": [],
            "min_ports_per_vm": 0,
            "name": "default-org-test-gcrn-nat",
            "nat_ip_allocate_option": "AUTO_ONLY",
            "nat_ips": [],
            "project": "gke-test-311519",
            "region": "us-central1",
            "router": "default-org-test-gcr-router",
            "source_subnetwork_ip_ranges_to_nat": "LIST_OF_SUBNETWORKS",
            "subnetwork": [
              {
                "name": "https://www.googleapis.com/compute/v1/projects/gke-test-311519/regions/us-central1/subnetworks/default-org-test-subnet-private",
                "secondary_ip_range_names": [],
                "source_ip_ranges_to_nat": [
                  "ALL_IP_RANGES"
                ]
              }
            ],
            "tcp_established_idle_timeout_sec": 1200,
            "tcp_transitory_idle_timeout_sec": 30,
            "timeouts": null,
            "udp_idle_timeout_sec": 30
          },
          "sensitive_attributes": [],
          "private": "eyJlMmJmYjczMC1lY2FhLTExZTYtOGY4OC0zNDM2M2JjN2M0YzAiOnsiY3JlYXRlIjo2MDAwMDAwMDAwMDAsImRlbGV0ZSI6NjAwMDAwMDAwMDAwLCJ1cGRhdGUiOjYwMDAwMDAwMDAwMH19",
          "dependencies": [
            "module.subnet.google_compute_subnetwork.subnet-private",
            "module.vpc.google_compute_network.gcn-vpc",
            "module.subnet.google_compute_router.gcr-router"
          ]
        }
      ]
    },
    {
      "module": "module.subnet",
      "mode": "managed",
      "type": "google_compute_subnetwork",
      "name": "subnet-private",
      "provider": "provider[\"registry.terraform.io/hashicorp/google\"]",
      "instances": [
        {
          "schema_version": 0,
          "attributes": {
            "creation_timestamp": "2021-04-25T23:37:14.507-07:00",
            "description": "",
            "fingerprint": null,
            "gateway_address": "10.10.1.1",
            "id": "projects/gke-test-311519/regions/us-central1/subnetworks/default-org-test-subnet-private",
            "ip_cidr_range": "10.10.1.0/24",
            "log_config": [],
            "name": "default-org-test-subnet-private",
            "network": "https://www.googleapis.com/compute/v1/projects/gke-test-311519/global/networks/default-org-test-gcn-vpc",
            "private_ip_google_access": false,
            "private_ipv6_google_access": "DISABLE_GOOGLE_ACCESS",
            "project": "gke-test-311519",
            "region": "us-central1",
            "secondary_ip_range": [],
            "self_link": "https://www.googleapis.com/compute/v1/projects/gke-test-311519/regions/us-central1/subnetworks/default-org-test-subnet-private",
            "timeouts": null
          },
          "sensitive_attributes": [],
          "private": "eyJlMmJmYjczMC1lY2FhLTExZTYtOGY4OC0zNDM2M2JjN2M0YzAiOnsiY3JlYXRlIjozNjAwMDAwMDAwMDAsImRlbGV0ZSI6MzYwMDAwMDAwMDAwLCJ1cGRhdGUiOjM2MDAwMDAwMDAwMH19",
          "dependencies": [
            "module.vpc.google_compute_network.gcn-vpc"
          ]
        }
      ]
    },
    {
      "module": "module.vpc",
      "mode": "managed",
      "type": "google_compute_network",
      "name": "gcn-vpc",
      "provider": "provider[\"registry.terraform.io/hashicorp/google\"]",
      "instances": [
        {
          "schema_version": 0,
          "attributes": {
            "auto_create_subnetworks": false,
            "delete_default_routes_on_create": false,
            "description": "",
            "gateway_ipv4": "",
            "id": "projects/gke-test-311519/global/networks/default-org-test-gcn-vpc",
            "mtu": 0,
            "name": "default-org-test-gcn-vpc",
            "project": "gke-test-311519",
            "routing_mode": "REGIONAL",
            "self_link": "https://www.googleapis.com/compute/v1/projects/gke-test-311519/global/networks/default-org-test-gcn-vpc",
            "timeouts": null
          },
          "sensitive_attributes": [],
          "private": "eyJlMmJmYjczMC1lY2FhLTExZTYtOGY4OC0zNDM2M2JjN2M0YzAiOnsiY3JlYXRlIjoyNDAwMDAwMDAwMDAsImRlbGV0ZSI6MjQwMDAwMDAwMDAwLCJ1cGRhdGUiOjI0MDAwMDAwMDAwMH19"
        }
      ]
    }
  ]
}
